<?xml version="1.0" encoding="utf-8"?>
<Project ToolsVersion="4.0" xmlns="http://schemas.microsoft.com/developer/msbuild/2003">
  <ItemGroup>
    <Filter Include="Source Files">
      <UniqueIdentifier>{4FC737F1-C7A5-4376-A066-2A32D752A2FF}</UniqueIdentifier>
      <Extensions>cpp;c;cc;cxx;c++;cppm;ixx;def;odl;idl;hpj;bat;asm;asmx</Extensions>
    </Filter>
    <Filter Include="Header Files">
      <UniqueIdentifier>{93995380-89BD-4b04-88EB-625FBE52EBFB}</UniqueIdentifier>
      <Extensions>h;hh;hpp;hxx;h++;hm;inl;inc;ipp;xsd</Extensions>
    </Filter>
    <Filter Include="Resource Files">
      <UniqueIdentifier>{67DA6AB6-F800-4c08-8B7A-83BB121AAD01}</UniqueIdentifier>
      <Extensions>rc;ico;cur;bmp;dlg;rc2;rct;bin;rgs;gif;jpg;jpeg;jpe;resx;tiff;tif;png;wav;mfcribbon-ms</Extensions>
    </Filter>
    <Filter Include="Source Files\Vendor">
      <UniqueIdentifier>{993f77d4-181c-441e-822f-68d15384c26e}</UniqueIdentifier>
    </Filter>
    <Filter Include="Source Files\Vendor\imgui">
      <UniqueIdentifier>{ade2df64-7390-4e7f-ab7b-41097a319f4e}</UniqueIdentifier>
    </Filter>
    <Filter Include="Header Files\Vendor">
      <UniqueIdentifier>{4e88c310-492b-4a82-85cb-679800b742fb}</UniqueIdentifier>
    </Filter>
    <Filter Include="Header Files\Vendor\imgui">
      <UniqueIdentifier>{098e0851-51ff-4013-aca5-350c6da4eb7a}</UniqueIdentifier>
    </Filter>
    <Filter Include="Source Files\Vendor\stb_image">
      <UniqueIdentifier>{9a0d6a1d-7c44-4357-bc22-431b88728469}</UniqueIdentifier>
    </Filter>
    <Filter Include="Header Files\Vendor\stb_image">
      <UniqueIdentifier>{40995ca2-67b8-4cde-958d-7abb5c29ad4f}</UniqueIdentifier>
    </Filter>
  </ItemGroup>
  <ItemGroup>
    <ClCompile Include="src\Private\Rendering\VertexBuffer.cpp">
      <Filter>Source Files</Filter>
    </ClCompile>
    <ClCompile Include="src\Private\DebugTools.cpp">
      <Filter>Source Files</Filter>
    </ClCompile>
    <ClCompile Include="src\Private\Rendering\IndexBuffer.cpp">
      <Filter>Source Files</Filter>
    </ClCompile>
    <ClCompile Include="src\Private\Rendering\Display.cpp">
      <Filter>Source Files</Filter>
    </ClCompile>
    <ClCompile Include="src\Private\Rendering\VertexArray.cpp">
      <Filter>Source Files</Filter>
    </ClCompile>
    <ClCompile Include="src\Private\Rendering\VertexBufferLayout.cpp">
      <Filter>Source Files</Filter>
    </ClCompile>
    <ClCompile Include="src\Private\Rendering\Shader.cpp">
      <Filter>Source Files</Filter>
    </ClCompile>
    <ClCompile Include="src\Private\Rendering\Renderer.cpp">
      <Filter>Source Files</Filter>
    </ClCompile>
    <ClCompile Include="src\Private\Data\Texture.cpp">
      <Filter>Source Files</Filter>
    </ClCompile>
    <ClCompile Include="src\Public\Vendor\imgui\imgui.cpp">
      <Filter>Source Files\Vendor\imgui</Filter>
    </ClCompile>
    <ClCompile Include="src\Public\Vendor\imgui\imgui_draw.cpp">
      <Filter>Source Files\Vendor\imgui</Filter>
    </ClCompile>
    <ClCompile Include="src\Public\Vendor\imgui\imgui_impl_glfw.cpp">
      <Filter>Source Files\Vendor\imgui</Filter>
    </ClCompile>
    <ClCompile Include="src\Public\Vendor\imgui\imgui_impl_opengl3.cpp">
      <Filter>Source Files\Vendor\imgui</Filter>
    </ClCompile>
    <ClCompile Include="src\Public\Vendor\imgui\imgui_widgets.cpp">
      <Filter>Source Files\Vendor\imgui</Filter>
    </ClCompile>
    <ClCompile Include="src\Public\vendor\stb_image\stb_image.cpp">
      <Filter>Source Files\Vendor\stb_image</Filter>
    </ClCompile>
    <ClCompile Include="src\Public\Vendor\imgui\imgui_demo.cpp">
      <Filter>Source Files\Vendor\imgui</Filter>
    </ClCompile>
    <ClCompile Include="src\Public\Vendor\imgui\imgui_tables.cpp">
      <Filter>Source Files\Vendor\imgui</Filter>
    </ClCompile>
    <ClCompile Include="src\Private\GameObjects\Components\Camera.cpp">
      <Filter>Source Files</Filter>
    </ClCompile>
    <ClCompile Include="src\Private\GameObjects\Components\Component.cpp">
      <Filter>Source Files</Filter>
    </ClCompile>
    <ClCompile Include="src\Private\GameObjects\Components\MeshRenderer.cpp">
      <Filter>Source Files</Filter>
    </ClCompile>
    <ClCompile Include="src\Private\GameObjects\Components\Transform.cpp">
      <Filter>Source Files</Filter>
    </ClCompile>
    <ClCompile Include="src\Private\GameObjects\GameObject.cpp">
      <Filter>Source Files</Filter>
    </ClCompile>
    <ClCompile Include="src\Private\Data\Mesh.cpp">
      <Filter>Source Files</Filter>
    </ClCompile>
    <ClCompile Include="src\Private\Rendering\Material.cpp">
      <Filter>Source Files</Filter>
    </ClCompile>
    <ClCompile Include="src\Private\Tools\ObjImporter.cpp">
      <Filter>Source Files</Filter>
    </ClCompile>
    <ClCompile Include="src\Private\GameSystems\InputManager.cpp">
      <Filter>Source Files</Filter>
    </ClCompile>
    <ClCompile Include="src\Private\GameSystems\EngineTime.cpp">
      <Filter>Source Files</Filter>
    </ClCompile>
    <ClCompile Include="src\Private\GameSystems\GameManager.cpp">
      <Filter>Source Files</Filter>
    </ClCompile>
    <ClCompile Include="src\Private\Engine.cpp">
      <Filter>Source Files</Filter>
    </ClCompile>
    <ClCompile Include="src\Public\Engine.h">
      <Filter>Source Files</Filter>
    </ClCompile>
    <ClCompile Include="src\Private\Serialization\JsonArchive.cpp">
      <Filter>Source Files</Filter>
    </ClCompile>
    <ClCompile Include="src\Private\Serialization\EngineArchive.cpp">
      <Filter>Source Files</Filter>
    </ClCompile>
  </ItemGroup>
  <ItemGroup>
    <None Include="res\shaders\Basic.shader">
      <Filter>Resource Files</Filter>
    </None>
  </ItemGroup>
  <ItemGroup>
    <ClInclude Include="src\Public\DebugTools.h">
      <Filter>Header Files</Filter>
    </ClInclude>
    <ClInclude Include="src\Public\Rendering\VertexBuffer.h">
      <Filter>Header Files</Filter>
    </ClInclude>
    <ClInclude Include="src\Public\Rendering\IndexBuffer.h">
      <Filter>Header Files</Filter>
    </ClInclude>
    <ClInclude Include="src\Public\Rendering\Display.h">
      <Filter>Header Files</Filter>
    </ClInclude>
    <ClInclude Include="src\Public\Rendering\VertexArray.h">
      <Filter>Header Files</Filter>
    </ClInclude>
    <ClInclude Include="src\Public\Rendering\VertexBufferLayout.h">
      <Filter>Header Files</Filter>
    </ClInclude>
    <ClInclude Include="src\Public\Rendering\Shader.h">
      <Filter>Header Files</Filter>
    </ClInclude>
    <ClInclude Include="src\Public\Rendering\Renderer.h">
      <Filter>Header Files</Filter>
    </ClInclude>
    <ClInclude Include="src\Public\Data\Texture.h">
      <Filter>Header Files</Filter>
    </ClInclude>
    <ClInclude Include="src\Public\Vendor\imgui\imstb_truetype.h">
      <Filter>Header Files\Vendor\imgui</Filter>
    </ClInclude>
    <ClInclude Include="src\Public\Vendor\imgui\imconfig.h">
      <Filter>Header Files\Vendor\imgui</Filter>
    </ClInclude>
    <ClInclude Include="src\Public\Vendor\imgui\imgui.h">
      <Filter>Header Files\Vendor\imgui</Filter>
    </ClInclude>
    <ClInclude Include="src\Public\Vendor\imgui\imgui_impl_glfw.h">
      <Filter>Header Files\Vendor\imgui</Filter>
    </ClInclude>
    <ClInclude Include="src\Public\Vendor\imgui\imgui_impl_opengl3.h">
      <Filter>Header Files\Vendor\imgui</Filter>
    </ClInclude>
    <ClInclude Include="src\Public\Vendor\imgui\imgui_internal.h">
      <Filter>Header Files\Vendor\imgui</Filter>
    </ClInclude>
    <ClInclude Include="src\Public\Vendor\imgui\imstb_rectpack.h">
      <Filter>Header Files\Vendor\imgui</Filter>
    </ClInclude>
    <ClInclude Include="src\Public\Vendor\imgui\imstb_textedit.h">
      <Filter>Header Files\Vendor\imgui</Filter>
    </ClInclude>
    <ClInclude Include="src\Public\vendor\stb_image\stb_image.h">
      <Filter>Header Files\Vendor\stb_image</Filter>
    </ClInclude>
    <ClInclude Include="src\Public\Tools\MacroCommon.h">
      <Filter>Header Files</Filter>
    </ClInclude>
    <ClInclude Include="src\Public\GameObjects\Components\Camera.h">
      <Filter>Header Files</Filter>
    </ClInclude>
    <ClInclude Include="src\Public\GameObjects\Components\Component.h">
      <Filter>Header Files</Filter>
    </ClInclude>
    <ClInclude Include="src\Public\GameObjects\Components\MeshRenderer.h">
      <Filter>Header Files</Filter>
    </ClInclude>
    <ClInclude Include="src\Public\GameObjects\Components\Transform.h">
      <Filter>Header Files</Filter>
    </ClInclude>
    <ClInclude Include="src\Public\GameObjects\GameObject.h">
      <Filter>Header Files</Filter>
    </ClInclude>
    <ClInclude Include="src\Public\Data\Mesh.h">
      <Filter>Header Files</Filter>
    </ClInclude>
    <ClInclude Include="src\Public\Rendering\Material.h">
      <Filter>Header Files</Filter>
    </ClInclude>
    <ClInclude Include="src\Public\Tools\ObjImporter.h">
      <Filter>Header Files</Filter>
    </ClInclude>
    <ClInclude Include="src\Public\GameSystems\InputManager.h">
      <Filter>Header Files</Filter>
    </ClInclude>
    <ClInclude Include="src\Public\GameSystems\EngineTime.h">
      <Filter>Header Files</Filter>
    </ClInclude>
    <ClInclude Include="src\Public\GameSystems\GameManager.h">
      <Filter>Header Files</Filter>
    </ClInclude>
    <ClInclude Include="src\Public\GameSystems\Callbacks.h">
      <Filter>Header Files</Filter>
    </ClInclude>
    <ClInclude Include="src\Public\Core.h">
      <Filter>Header Files</Filter>
    </ClInclude>
    <ClInclude Include="src\Public\GameSystems\Events\EventSystem.h">
      <Filter>Header Files</Filter>
    </ClInclude>
    <ClInclude Include="src\Public\GameSystems\Events\EngineEvents.h">
      <Filter>Header Files</Filter>
    </ClInclude>
    <ClInclude Include="src\Public\Serialization\IArchive.h">
      <Filter>Header Files</Filter>
    </ClInclude>
    <ClInclude Include="src\Public\Serialization\JsonArchive.h">
      <Filter>Header Files</Filter>
    </ClInclude>
    <ClInclude Include="src\Public\Serialization\ObjectInterface.h">
      <Filter>Header Files</Filter>
    </ClInclude>
    <ClInclude Include="src\Public\Serialization\EngineArchive.h">
      <Filter>Header Files</Filter>
    </ClInclude>
  </ItemGroup>
  <ItemGroup>
    <Image Include="res\textures\Test.jpg">
      <Filter>Resource Files</Filter>
    </Image>
  </ItemGroup>
</Project>